
Microsoft Visual Studio Solution File, Format Version 12.00
# Visual Studio Version 17
VisualStudioVersion = 17.4.33110.190
MinimumVisualStudioVersion = 10.0.40219.1
Project("{2150E333-8FDC-42A3-9474-1A3956D46DE8}") = "Services", "Services", "{C2262A92-124F-4650-BB75-D1AF0BDC320D}"
EndProject
Project("{2150E333-8FDC-42A3-9474-1A3956D46DE8}") = "Catalog", "Catalog", "{387202E4-ABA4-4B6F-98BF-F51DC58E6F06}"
EndProject
Project("{9A19103F-16F7-4668-BE54-9A1E7A4F7556}") = "Catalog.API", "Services\Catalog\Catalog.API\Catalog.API.csproj", "{E3E7E320-22DF-4B77-97F0-3F79C9CE7796}"
EndProject
Project("{E53339B2-1760-4266-BCC7-CA923CBCF16C}") = "docker-compose", "docker-compose.dcproj", "{6F8D0B06-39D0-419E-BC62-24CC1B8ED404}"
EndProject
Project("{2150E333-8FDC-42A3-9474-1A3956D46DE8}") = "Basket", "Basket", "{87C9A9FE-7FE5-4D11-9C60-183E4D3BF3F2}"
EndProject
Project("{9A19103F-16F7-4668-BE54-9A1E7A4F7556}") = "Basket.API", "Services\Basket\Basket.API\Basket.API.csproj", "{C6225E27-A64E-409A-8C30-0309626FACF0}"
EndProject
Project("{2150E333-8FDC-42A3-9474-1A3956D46DE8}") = "Discount", "Discount", "{7017DFBC-8794-431B-8706-A2352A314523}"
EndProject
Project("{9A19103F-16F7-4668-BE54-9A1E7A4F7556}") = "Discount.API", "Services\Discount\Discount.API\Discount.API.csproj", "{F81BDA98-473E-4E3E-BDBA-27FFB31C3560}"
EndProject
Project("{9A19103F-16F7-4668-BE54-9A1E7A4F7556}") = "Discount.Grpc", "Services\Discount\Discount.Grpc\Discount.Grpc.csproj", "{6053939B-41D9-4238-9E08-C8D9B26B99CD}"
EndProject
Project("{2150E333-8FDC-42A3-9474-1A3956D46DE8}") = "Ordering", "Ordering", "{DC92E7F4-28C0-4D39-9F5E-F670C00E229C}"
EndProject
Project("{FAE04EC0-301F-11D3-BF4B-00C04F79EFBC}") = "Ordering.API", "Services\Ordering\Ordering.API\Ordering.API.csproj", "{AD6911D1-ECA2-445D-B0F7-44AB2387A3CF}"
EndProject
Project("{FAE04EC0-301F-11D3-BF4B-00C04F79EFBC}") = "Ordering.Domain", "Services\Ordering\Ordering.Domain\Ordering.Domain.csproj", "{35EEFD7D-1242-4FDE-8603-52EA83932EFE}"
EndProject
Project("{FAE04EC0-301F-11D3-BF4B-00C04F79EFBC}") = "Ordering.Application", "Services\Ordering\Ordering.Application\Ordering.Application.csproj", "{ADCFE03D-DB92-41EE-BA93-B8E768AB3FBD}"
EndProject
Project("{FAE04EC0-301F-11D3-BF4B-00C04F79EFBC}") = "Ordering.Infrastructure", "Services\Ordering\Ordering.Infrastructure\Ordering.Infrastructure.csproj", "{6304FF44-FA17-4619-877F-D0ABAAB83AFA}"
EndProject
Global
	GlobalSection(SolutionConfigurationPlatforms) = preSolution
		Debug|Any CPU = Debug|Any CPU
		Release|Any CPU = Release|Any CPU
	EndGlobalSection
	GlobalSection(ProjectConfigurationPlatforms) = postSolution
		{E3E7E320-22DF-4B77-97F0-3F79C9CE7796}.Debug|Any CPU.ActiveCfg = Debug|Any CPU
		{E3E7E320-22DF-4B77-97F0-3F79C9CE7796}.Debug|Any CPU.Build.0 = Debug|Any CPU
		{E3E7E320-22DF-4B77-97F0-3F79C9CE7796}.Release|Any CPU.ActiveCfg = Release|Any CPU
		{E3E7E320-22DF-4B77-97F0-3F79C9CE7796}.Release|Any CPU.Build.0 = Release|Any CPU
		{6F8D0B06-39D0-419E-BC62-24CC1B8ED404}.Debug|Any CPU.ActiveCfg = Debug|Any CPU
		{6F8D0B06-39D0-419E-BC62-24CC1B8ED404}.Debug|Any CPU.Build.0 = Debug|Any CPU
		{6F8D0B06-39D0-419E-BC62-24CC1B8ED404}.Release|Any CPU.ActiveCfg = Release|Any CPU
		{6F8D0B06-39D0-419E-BC62-24CC1B8ED404}.Release|Any CPU.Build.0 = Release|Any CPU
		{C6225E27-A64E-409A-8C30-0309626FACF0}.Debug|Any CPU.ActiveCfg = Debug|Any CPU
		{C6225E27-A64E-409A-8C30-0309626FACF0}.Debug|Any CPU.Build.0 = Debug|Any CPU
		{C6225E27-A64E-409A-8C30-0309626FACF0}.Release|Any CPU.ActiveCfg = Release|Any CPU
		{C6225E27-A64E-409A-8C30-0309626FACF0}.Release|Any CPU.Build.0 = Release|Any CPU
		{F81BDA98-473E-4E3E-BDBA-27FFB31C3560}.Debug|Any CPU.ActiveCfg = Debug|Any CPU
		{F81BDA98-473E-4E3E-BDBA-27FFB31C3560}.Debug|Any CPU.Build.0 = Debug|Any CPU
		{F81BDA98-473E-4E3E-BDBA-27FFB31C3560}.Release|Any CPU.ActiveCfg = Release|Any CPU
		{F81BDA98-473E-4E3E-BDBA-27FFB31C3560}.Release|Any CPU.Build.0 = Release|Any CPU
		{6053939B-41D9-4238-9E08-C8D9B26B99CD}.Debug|Any CPU.ActiveCfg = Debug|Any CPU
		{6053939B-41D9-4238-9E08-C8D9B26B99CD}.Debug|Any CPU.Build.0 = Debug|Any CPU
		{6053939B-41D9-4238-9E08-C8D9B26B99CD}.Release|Any CPU.ActiveCfg = Release|Any CPU
		{6053939B-41D9-4238-9E08-C8D9B26B99CD}.Release|Any CPU.Build.0 = Release|Any CPU
		{AD6911D1-ECA2-445D-B0F7-44AB2387A3CF}.Debug|Any CPU.ActiveCfg = Debug|Any CPU
		{AD6911D1-ECA2-445D-B0F7-44AB2387A3CF}.Debug|Any CPU.Build.0 = Debug|Any CPU
		{AD6911D1-ECA2-445D-B0F7-44AB2387A3CF}.Release|Any CPU.ActiveCfg = Release|Any CPU
		{AD6911D1-ECA2-445D-B0F7-44AB2387A3CF}.Release|Any CPU.Build.0 = Release|Any CPU
		{35EEFD7D-1242-4FDE-8603-52EA83932EFE}.Debug|Any CPU.ActiveCfg = Debug|Any CPU
		{35EEFD7D-1242-4FDE-8603-52EA83932EFE}.Debug|Any CPU.Build.0 = Debug|Any CPU
		{35EEFD7D-1242-4FDE-8603-52EA83932EFE}.Release|Any CPU.ActiveCfg = Release|Any CPU
		{35EEFD7D-1242-4FDE-8603-52EA83932EFE}.Release|Any CPU.Build.0 = Release|Any CPU
		{ADCFE03D-DB92-41EE-BA93-B8E768AB3FBD}.Debug|Any CPU.ActiveCfg = Debug|Any CPU
		{ADCFE03D-DB92-41EE-BA93-B8E768AB3FBD}.Debug|Any CPU.Build.0 = Debug|Any CPU
		{ADCFE03D-DB92-41EE-BA93-B8E768AB3FBD}.Release|Any CPU.ActiveCfg = Release|Any CPU
		{ADCFE03D-DB92-41EE-BA93-B8E768AB3FBD}.Release|Any CPU.Build.0 = Release|Any CPU
		{6304FF44-FA17-4619-877F-D0ABAAB83AFA}.Debug|Any CPU.ActiveCfg = Debug|Any CPU
		{6304FF44-FA17-4619-877F-D0ABAAB83AFA}.Debug|Any CPU.Build.0 = Debug|Any CPU
		{6304FF44-FA17-4619-877F-D0ABAAB83AFA}.Release|Any CPU.ActiveCfg = Release|Any CPU
		{6304FF44-FA17-4619-877F-D0ABAAB83AFA}.Release|Any CPU.Build.0 = Release|Any CPU
	EndGlobalSection
	GlobalSection(SolutionProperties) = preSolution
		HideSolutionNode = FALSE
	EndGlobalSection
	GlobalSection(NestedProjects) = preSolution
		{387202E4-ABA4-4B6F-98BF-F51DC58E6F06} = {C2262A92-124F-4650-BB75-D1AF0BDC320D}
		{E3E7E320-22DF-4B77-97F0-3F79C9CE7796} = {387202E4-ABA4-4B6F-98BF-F51DC58E6F06}
		{87C9A9FE-7FE5-4D11-9C60-183E4D3BF3F2} = {C2262A92-124F-4650-BB75-D1AF0BDC320D}
		{C6225E27-A64E-409A-8C30-0309626FACF0} = {87C9A9FE-7FE5-4D11-9C60-183E4D3BF3F2}
		{7017DFBC-8794-431B-8706-A2352A314523} = {C2262A92-124F-4650-BB75-D1AF0BDC320D}
		{F81BDA98-473E-4E3E-BDBA-27FFB31C3560} = {7017DFBC-8794-431B-8706-A2352A314523}
		{6053939B-41D9-4238-9E08-C8D9B26B99CD} = {7017DFBC-8794-431B-8706-A2352A314523}
		{DC92E7F4-28C0-4D39-9F5E-F670C00E229C} = {C2262A92-124F-4650-BB75-D1AF0BDC320D}
		{AD6911D1-ECA2-445D-B0F7-44AB2387A3CF} = {DC92E7F4-28C0-4D39-9F5E-F670C00E229C}
		{35EEFD7D-1242-4FDE-8603-52EA83932EFE} = {DC92E7F4-28C0-4D39-9F5E-F670C00E229C}
		{ADCFE03D-DB92-41EE-BA93-B8E768AB3FBD} = {DC92E7F4-28C0-4D39-9F5E-F670C00E229C}
		{6304FF44-FA17-4619-877F-D0ABAAB83AFA} = {DC92E7F4-28C0-4D39-9F5E-F670C00E229C}
	EndGlobalSection
	GlobalSection(ExtensibilityGlobals) = postSolution
		SolutionGuid = {F28AA61F-CF81-47F0-8BC9-63C49C81CF63}
	EndGlobalSection
EndGlobal
